
Microsoft Visual Studio Solution File, Format Version 12.00
# Visual Studio Version 16
VisualStudioVersion = 16.0.29519.87
MinimumVisualStudioVersion = 10.0.40219.1
Project("{FAE04EC0-301F-11D3-BF4B-00C04F79EFBC}") = "AK_WaspCTRLS", "AK_WaspCTRLS\AK_WaspCTRLS.csproj", "{FB25B696-8EC4-4AE3-A192-40222ED5A802}"
EndProject
Project("{FAE04EC0-301F-11D3-BF4B-00C04F79EFBC}") = "TestCTRL", "TestCTRL\TestCTRL.csproj", "{F0EB19A3-7977-48D4-96E4-BB4AB8CB2E97}"
EndProject
Global
	GlobalSection(SolutionConfigurationPlatforms) = preSolution
		Debug|Any CPU = Debug|Any CPU
		Release|Any CPU = Release|Any CPU
	EndGlobalSection
	GlobalSection(ProjectConfigurationPlatforms) = postSolution
		{FB25B696-8EC4-4AE3-A192-40222ED5A802}.Debug|Any CPU.ActiveCfg = Debug|Any CPU
		{FB25B696-8EC4-4AE3-A192-40222ED5A802}.Debug|Any CPU.Build.0 = Debug|Any CPU
		{FB25B696-8EC4-4AE3-A192-40222ED5A802}.Release|Any CPU.ActiveCfg = Release|Any CPU
		{FB25B696-8EC4-4AE3-A192-40222ED5A802}.Release|Any CPU.Build.0 = Release|Any CPU
		{F0EB19A3-7977-48D4-96E4-BB4AB8CB2E97}.Debug|Any CPU.ActiveCfg = Debug|Any CPU
		{F0EB19A3-7977-48D4-96E4-BB4AB8CB2E97}.Debug|Any CPU.Build.0 = Debug|Any CPU
		{F0EB19A3-7977-48D4-96E4-BB4AB8CB2E97}.Release|Any CPU.ActiveCfg = Release|Any CPU
		{F0EB19A3-7977-48D4-96E4-BB4AB8CB2E97}.Release|Any CPU.Build.0 = Release|Any CPU
	EndGlobalSection
	GlobalSection(SolutionProperties) = preSolution
		HideSolutionNode = FALSE
	EndGlobalSection
	GlobalSection(ExtensibilityGlobals) = postSolution
		SolutionGuid = {2ABAE7CE-2CEC-432A-A0C2-CFE6761525B9}
	EndGlobalSection
EndGlobal
